github.com/behavioral-ai/collective v0.0.0-20250619125031-e93f469d185b h1:kDA/Jcqfp3DEFIV6vyUIVrdxVnkKOfzKlaQv21ofvag=
github.com/behavioral-ai/collective v0.0.0-20250619125031-e93f469d185b/go.mod h1:tMsicCGVvPDPWGPUN3ko5jXLAvgMJ3e2mMqezGA4Poo=
github.com/behavioral-ai/collective v0.0.0-20250619211801-0e5c34d0a6e1 h1:cGu24Hs5URQrdMh64cUGzAp+zFF3GOaPLfyYYzBB89Y=
github.com/behavioral-ai/collective v0.0.0-20250619211801-0e5c34d0a6e1/go.mod h1:tMsicCGVvPDPWGPUN3ko5jXLAvgMJ3e2mMqezGA4Poo=
github.com/behavioral-ai/core v0.0.0-20250619125058-acf2360b876a h1:6jl4NfOELI3kR8Eg84FKRsSlG1IIVvIQ3Jegoaylp00=
github.com/behavioral-ai/core v0.0.0-20250619125058-acf2360b876a/go.mod h1:sqpbaRPtMXUb4j6CbCuwWvQrD6pUKJm5oZEKPDynlPE=
github.com/behavioral-ai/resiliency v0.0.0-20250619143957-a14a89c2fc3c h1:yyRWX59z8CSMqZnYLscPsVYruTU3rDrmpI7qmyim6Co=
github.com/behavioral-ai/resiliency v0.0.0-20250619143957-a14a89c2fc3c/go.mod h1:wQcNsL1QMnkvSsIPr0Gj1j3cRlBnTGxTbfdjlFVqD/c=
github.com/behavioral-ai/resiliency v0.0.0-20250619185040-f09d393484d5 h1:M14L9pLSOLKqL7HRPrBN80OELfGXVqXvBQ6akkGlK4k=
github.com/behavioral-ai/resiliency v0.0.0-20250619185040-f09d393484d5/go.mod h1:65V7csoQgvybA5wEVNiRe0uUlS5Q8ULevhIRUOSGniI=
github.com/behavioral-ai/traffic v0.0.0-20250619131715-5d08ea6e0a05 h1:DIhe5rp1LXRX5KdUjbu01D8nCr2JwIsf5wtheW4D7BU=
github.com/behavioral-ai/traffic v0.0.0-20250619131715-5d08ea6e0a05/go.mod h1:soad8vuz87ycUILdpe5OohD5KGNEBXTrFpPUHlp35ZQ=
github.com/behavioral-ai/traffic v0.0.0-20250619155817-f3b17b526444 h1:iaGVGIZT0ewJmZSnToPmkiG7lGCxvnOv1VODQl2KCfo=
github.com/behavioral-ai/traffic v0.0.0-20250619155817-f3b17b526444/go.mod h1:soad8vuz87ycUILdpe5OohD5KGNEBXTrFpPUHlp35ZQ=
github.com/behavioral-ai/traffic v0.0.0-20250619212236-aa439127d313 h1:Ykr6QpQMFlc/Ne0tWi4qyoSpEYTuyF2LaaIll7sLfjA=
github.com/behavioral-ai/traffic v0.0.0-20250619212236-aa439127d313/go.mod h1:o6mPsprwRZVapsJ/uZliLLL5JeSGSeixIbQwltJ4ib4=
github.com/davecgh/go-spew v1.1.0 h1:ZDRjVQ15GmhC3fiQ8ni8+OwkZQO4DARzQgrnXU1Liz8=
github.com/davecgh/go-spew v1.1.0/go.mod h1:J7Y8YcW2NihsgmVo/mv3lAwl/skON4iLHjSsI+c5H38=
github.com/dchest/siphash v1.2.2/go.mod h1:q+IRvb2gOSrUnYoPqHiyHXS0FOBBOdl6tONBlVnOnt4=
github.com/dchest/siphash v1.2.3 h1:QXwFc8cFOR2dSa/gE6o/HokBMWtLUaNDVd+22aKHeEA=
github.com/dchest/siphash v1.2.3/go.mod h1:0NvQU092bT0ipiFN++/rXm69QG9tVxLAlQHIXMPAkHc=
github.com/dustinxie/lockfree v0.0.0-20210712051436-ed0ed42fd0d6 h1:OCG9DHxQwv2sABVGARZaUh4OK8dVaR3kzTIHV0vW4gg=
github.com/dustinxie/lockfree v0.0.0-20210712051436-ed0ed42fd0d6/go.mod h1:m7oIj8lFrQgKxP9h9m6GxjzGbTuMD5/5yXF8+pTpJms=
github.com/google/uuid v1.6.0 h1:NIvaJDMOsjHA8n1jAhLSgzrAzy1Hgr+hNrb57e+94F0=
github.com/google/uuid v1.6.0/go.mod h1:TIyPZe4MgqvfeYDBFedMoGGpEw/LqOeaOT+nhxU+yHo=
github.com/pmezard/go-difflib v1.0.0 h1:4DBwDE0NGyQoBHbLQYPwSUPoCMWR5BEzIk/f1lZbAQM=
github.com/pmezard/go-difflib v1.0.0/go.mod h1:iKH77koFhYxTK1pcRnkKkqfTogsbg7gZNVY4sRDYZ/4=
github.com/stretchr/objx v0.1.0/go.mod h1:HFkY916IF+rwdDfMAkV7OtwuqBVzrE8GR6GFx+wExME=
github.com/stretchr/testify v1.6.1 h1:hDPOHmpOpP40lSULcqw7IrRb/u7w6RpDC9399XyoNd0=
github.com/stretchr/testify v1.6.1/go.mod h1:6Fq8oRcR53rry900zMqJjRRixrwX3KX962/h/Wwjteg=
golang.org/x/time v0.11.0 h1:/bpjEDfN9tkoN/ryeYHnv5hcMlc8ncjMcM4XBk5NWV0=
golang.org/x/time v0.11.0/go.mod h1:CDIdPxbZBQxdj6cxyCIdrNogrJKMJ7pr37NYpMcMDSg=
gopkg.in/check.v1 v0.0.0-20161208181325-20d25e280405/go.mod h1:Co6ibVJAznAaIkqp8huTwlJQCZ016jof/cbN4VW5Yz0=
gopkg.in/yaml.v3 v3.0.0-20200313102051-9f266ea9e77c h1:dUUwHk2QECo/6vqA44rthZ8ie2QXMNeKRTHCNY2nXvo=
gopkg.in/yaml.v3 v3.0.0-20200313102051-9f266ea9e77c/go.mod h1:K4uyk7z7BCEPqu6E+C64Yfv1cQ7kz7rIZviUmN+EgEM=
