github.com/behavioral-ai/collective v0.0.0-20250319170747-7f2ad00fb7f7 h1:vis9QEvxsHAPl5lnTrJylin6AkvkriFrbJ7Q/xw3C8Q=
github.com/behavioral-ai/collective v0.0.0-20250319170747-7f2ad00fb7f7/go.mod h1:CqqcaFlg+VmX0nZJbq+T5UBQ3F3eS7ACYc8b0qIjUSY=
github.com/behavioral-ai/core v0.0.0-20250320215035-7a643fa8c0d6 h1:r/kQIwVapCHq6arUvy2SOxWJmj/uoeZSgdYNZsLKo74=
github.com/behavioral-ai/core v0.0.0-20250320215035-7a643fa8c0d6/go.mod h1:sqpbaRPtMXUb4j6CbCuwWvQrD6pUKJm5oZEKPDynlPE=
github.com/behavioral-ai/resiliency v0.0.0-20250320224041-96a6e3a646f8 h1:1n5cTs8jkJ/dt8trwFscpr5QD1Ge4euckc1x/WLPPOs=
github.com/behavioral-ai/resiliency v0.0.0-20250320224041-96a6e3a646f8/go.mod h1:sar8Mi2klJhjjetEbrYEH0RN3ZYzQnBJO5X6xWykcx4=
github.com/google/uuid v1.6.0 h1:NIvaJDMOsjHA8n1jAhLSgzrAzy1Hgr+hNrb57e+94F0=
github.com/google/uuid v1.6.0/go.mod h1:TIyPZe4MgqvfeYDBFedMoGGpEw/LqOeaOT+nhxU+yHo=
golang.org/x/time v0.11.0 h1:/bpjEDfN9tkoN/ryeYHnv5hcMlc8ncjMcM4XBk5NWV0=
golang.org/x/time v0.11.0/go.mod h1:CDIdPxbZBQxdj6cxyCIdrNogrJKMJ7pr37NYpMcMDSg=
