github.com/behavioral-ai/collective v0.0.0-20250331150814-70e3e13b6a45 h1:+jH7L/Np5CLxLxNPu3bUf4BE3gRSPsroRSWsl9ar350=
github.com/behavioral-ai/collective v0.0.0-20250331150814-70e3e13b6a45/go.mod h1:0XkA/kL0tkj9+IV0HD+iBdEy4/h3eFjNJuPx6g0WLUU=
github.com/behavioral-ai/core v0.0.0-20250401100236-9f78002e1d6b h1:WO8aPaswAIiBj8iT2GnnH/vlah9Ig3VYJZfI4uoSJGk=
github.com/behavioral-ai/core v0.0.0-20250401100236-9f78002e1d6b/go.mod h1:sqpbaRPtMXUb4j6CbCuwWvQrD6pUKJm5oZEKPDynlPE=
github.com/behavioral-ai/intermediary v0.0.0-20250401105046-39b94b228663 h1:R6+77Uvk4kU62wemix0wf6U0AQzDCUCXWAjyc9wQXlA=
github.com/behavioral-ai/intermediary v0.0.0-20250401105046-39b94b228663/go.mod h1:KiL/uBijkgpQBjw4IvrnNLZ0wT2n9KejihJ3xpHxyvA=
github.com/behavioral-ai/resiliency v0.0.0-20250401115907-50ba59a18d6c h1:E0BoJU5OhK/8zroEDDt8/sVhSVAxzx9d7OiaepTyH34=
github.com/behavioral-ai/resiliency v0.0.0-20250401115907-50ba59a18d6c/go.mod h1:VRAFy5+vxMCiilqs42yzmt3gl0nBWgKcI7ZmDmr1280=
github.com/behavioral-ai/traffic v0.0.0-20250331154538-809afd74acd7 h1:8jk3gWpmf2UWEGjfpCy6WDEXBsLLdRacjjOWLjsJP0A=
github.com/behavioral-ai/traffic v0.0.0-20250331154538-809afd74acd7/go.mod h1:dS4j9cb+FWd90Wm/HluRnWJPKmd+7EcBLI/AgqFq3o0=
github.com/google/uuid v1.6.0 h1:NIvaJDMOsjHA8n1jAhLSgzrAzy1Hgr+hNrb57e+94F0=
github.com/google/uuid v1.6.0/go.mod h1:TIyPZe4MgqvfeYDBFedMoGGpEw/LqOeaOT+nhxU+yHo=
golang.org/x/time v0.11.0 h1:/bpjEDfN9tkoN/ryeYHnv5hcMlc8ncjMcM4XBk5NWV0=
golang.org/x/time v0.11.0/go.mod h1:CDIdPxbZBQxdj6cxyCIdrNogrJKMJ7pr37NYpMcMDSg=
